
Microsoft Visual Studio Solution File, Format Version 12.00
# Visual Studio Version 17
VisualStudioVersion = 17.0.31808.319
MinimumVisualStudioVersion = 10.0.40219.1
Project("{FAE04EC0-301F-11D3-BF4B-00C04F79EFBC}") = "Meowtrix.FDns", "Meowtrix.FDns\Meowtrix.FDns.csproj", "{F04D4C87-7D9F-49E8-AD14-39C8D175B44E}"
EndProject
Global
	GlobalSection(SolutionConfigurationPlatforms) = preSolution
		Debug|Any CPU = Debug|Any CPU
		Release|Any CPU = Release|Any CPU
	EndGlobalSection
	GlobalSection(ProjectConfigurationPlatforms) = postSolution
		{F04D4C87-7D9F-49E8-AD14-39C8D175B44E}.Debug|Any CPU.ActiveCfg = Debug|Any CPU
		{F04D4C87-7D9F-49E8-AD14-39C8D175B44E}.Debug|Any CPU.Build.0 = Debug|Any CPU
		{F04D4C87-7D9F-49E8-AD14-39C8D175B44E}.Release|Any CPU.ActiveCfg = Release|Any CPU
		{F04D4C87-7D9F-49E8-AD14-39C8D175B44E}.Release|Any CPU.Build.0 = Release|Any CPU
	EndGlobalSection
	GlobalSection(SolutionProperties) = preSolution
		HideSolutionNode = FALSE
	EndGlobalSection
	GlobalSection(ExtensibilityGlobals) = postSolution
		SolutionGuid = {516AEB85-996B-42AB-B5EB-60357904AD21}
	EndGlobalSection
EndGlobal
